
Microsoft Visual Studio Solution File, Format Version 12.00
# Visual Studio 2013
VisualStudioVersion = 12.0.31101.0
MinimumVisualStudioVersion = 10.0.40219.1
Project("{F184B08F-C81C-45F6-A57F-5ABD9991F28F}") = "GSA.WebApi", "GSA.WebApi\GSA.WebApi.vbproj", "{28992DBB-7AE4-4529-B33D-E755806AC359}"
EndProject
Project("{2150E333-8FDC-42A3-9474-1A3956D46DE8}") = "Data", "Data", "{C88F6DF6-0CE8-4011-B06F-C4A279E77B3C}"
EndProject
Project("{2150E333-8FDC-42A3-9474-1A3956D46DE8}") = "Web", "Web", "{88471293-E4C0-4982-AF90-500D36761CF2}"
EndProject
Project("{F184B08F-C81C-45F6-A57F-5ABD9991F28F}") = "DataAccess", "DataAccess\DataAccess.vbproj", "{B362EE89-3BFC-429B-A8A3-AEA88E89DF98}"
EndProject
Project("{F184B08F-C81C-45F6-A57F-5ABD9991F28F}") = "DataObjects", "DataObjects\DataObjects.vbproj", "{46E1AA0F-EB64-4CD5-A59F-2EBCE80EC7A9}"
EndProject
Project("{2150E333-8FDC-42A3-9474-1A3956D46DE8}") = "DebugHelper", "DebugHelper", "{874AE270-50F7-4A93-8232-E510BC2340DB}"
EndProject
Project("{F184B08F-C81C-45F6-A57F-5ABD9991F28F}") = "GSA.FDA.Helper", "GSA.FDA.Helper\GSA.FDA.Helper.vbproj", "{C188B2EB-26E8-4478-96BE-D8550F03B872}"
EndProject
Project("{2150E333-8FDC-42A3-9474-1A3956D46DE8}") = "HelperApi", "HelperApi", "{7DD2BB7E-99D4-4525-8C3E-23E9D1D23E8E}"
EndProject
Project("{F184B08F-C81C-45F6-A57F-5ABD9991F28F}") = "ApiDalc", "ApiDalc\ApiDalc.vbproj", "{8C8E24DE-D766-4ABE-A176-C282040E3898}"
EndProject
Project("{F184B08F-C81C-45F6-A57F-5ABD9991F28F}") = "TotalRecall", "..\..\WebSite\TotalRecall.vbproj", "{E8A12385-67F9-4F10-8BA9-310C78617AE1}"
EndProject
Project("{2150E333-8FDC-42A3-9474-1A3956D46DE8}") = "UnitTests", "UnitTests", "{92F43757-553E-4C9B-968D-5BBE9E71D7B3}"
EndProject
Project("{F184B08F-C81C-45F6-A57F-5ABD9991F28F}") = "ApiDalc.Tests", "..\..\Tests\ApiDalc.Tests\ApiDalc.Tests.vbproj", "{E98E45C2-DD68-4C6E-A6F7-E4255944F2D0}"
EndProject
Global
	GlobalSection(SolutionConfigurationPlatforms) = preSolution
		Debug|Any CPU = Debug|Any CPU
		Release|Any CPU = Release|Any CPU
	EndGlobalSection
	GlobalSection(ProjectConfigurationPlatforms) = postSolution
		{28992DBB-7AE4-4529-B33D-E755806AC359}.Debug|Any CPU.ActiveCfg = Debug|Any CPU
		{28992DBB-7AE4-4529-B33D-E755806AC359}.Debug|Any CPU.Build.0 = Debug|Any CPU
		{28992DBB-7AE4-4529-B33D-E755806AC359}.Release|Any CPU.ActiveCfg = Release|Any CPU
		{28992DBB-7AE4-4529-B33D-E755806AC359}.Release|Any CPU.Build.0 = Release|Any CPU
		{B362EE89-3BFC-429B-A8A3-AEA88E89DF98}.Debug|Any CPU.ActiveCfg = Debug|Any CPU
		{B362EE89-3BFC-429B-A8A3-AEA88E89DF98}.Debug|Any CPU.Build.0 = Debug|Any CPU
		{B362EE89-3BFC-429B-A8A3-AEA88E89DF98}.Release|Any CPU.ActiveCfg = Release|Any CPU
		{B362EE89-3BFC-429B-A8A3-AEA88E89DF98}.Release|Any CPU.Build.0 = Release|Any CPU
		{46E1AA0F-EB64-4CD5-A59F-2EBCE80EC7A9}.Debug|Any CPU.ActiveCfg = Debug|Any CPU
		{46E1AA0F-EB64-4CD5-A59F-2EBCE80EC7A9}.Debug|Any CPU.Build.0 = Debug|Any CPU
		{46E1AA0F-EB64-4CD5-A59F-2EBCE80EC7A9}.Release|Any CPU.ActiveCfg = Release|Any CPU
		{46E1AA0F-EB64-4CD5-A59F-2EBCE80EC7A9}.Release|Any CPU.Build.0 = Release|Any CPU
		{C188B2EB-26E8-4478-96BE-D8550F03B872}.Debug|Any CPU.ActiveCfg = Debug|Any CPU
		{C188B2EB-26E8-4478-96BE-D8550F03B872}.Debug|Any CPU.Build.0 = Debug|Any CPU
		{C188B2EB-26E8-4478-96BE-D8550F03B872}.Release|Any CPU.ActiveCfg = Release|Any CPU
		{C188B2EB-26E8-4478-96BE-D8550F03B872}.Release|Any CPU.Build.0 = Release|Any CPU
		{8C8E24DE-D766-4ABE-A176-C282040E3898}.Debug|Any CPU.ActiveCfg = Debug|Any CPU
		{8C8E24DE-D766-4ABE-A176-C282040E3898}.Debug|Any CPU.Build.0 = Debug|Any CPU
		{8C8E24DE-D766-4ABE-A176-C282040E3898}.Release|Any CPU.ActiveCfg = Release|Any CPU
		{8C8E24DE-D766-4ABE-A176-C282040E3898}.Release|Any CPU.Build.0 = Release|Any CPU
		{E8A12385-67F9-4F10-8BA9-310C78617AE1}.Debug|Any CPU.ActiveCfg = Debug|Any CPU
		{E8A12385-67F9-4F10-8BA9-310C78617AE1}.Debug|Any CPU.Build.0 = Debug|Any CPU
		{E8A12385-67F9-4F10-8BA9-310C78617AE1}.Release|Any CPU.ActiveCfg = Release|Any CPU
		{E8A12385-67F9-4F10-8BA9-310C78617AE1}.Release|Any CPU.Build.0 = Release|Any CPU
		{E98E45C2-DD68-4C6E-A6F7-E4255944F2D0}.Debug|Any CPU.ActiveCfg = Debug|Any CPU
		{E98E45C2-DD68-4C6E-A6F7-E4255944F2D0}.Debug|Any CPU.Build.0 = Debug|Any CPU
		{E98E45C2-DD68-4C6E-A6F7-E4255944F2D0}.Release|Any CPU.ActiveCfg = Release|Any CPU
		{E98E45C2-DD68-4C6E-A6F7-E4255944F2D0}.Release|Any CPU.Build.0 = Release|Any CPU
	EndGlobalSection
	GlobalSection(SolutionProperties) = preSolution
		HideSolutionNode = FALSE
	EndGlobalSection
	GlobalSection(NestedProjects) = preSolution
		{28992DBB-7AE4-4529-B33D-E755806AC359} = {88471293-E4C0-4982-AF90-500D36761CF2}
		{B362EE89-3BFC-429B-A8A3-AEA88E89DF98} = {C88F6DF6-0CE8-4011-B06F-C4A279E77B3C}
		{46E1AA0F-EB64-4CD5-A59F-2EBCE80EC7A9} = {C88F6DF6-0CE8-4011-B06F-C4A279E77B3C}
		{C188B2EB-26E8-4478-96BE-D8550F03B872} = {874AE270-50F7-4A93-8232-E510BC2340DB}
		{8C8E24DE-D766-4ABE-A176-C282040E3898} = {7DD2BB7E-99D4-4525-8C3E-23E9D1D23E8E}
		{E8A12385-67F9-4F10-8BA9-310C78617AE1} = {88471293-E4C0-4982-AF90-500D36761CF2}
		{E98E45C2-DD68-4C6E-A6F7-E4255944F2D0} = {92F43757-553E-4C9B-968D-5BBE9E71D7B3}
	EndGlobalSection
EndGlobal
